
Microsoft Visual Studio Solution File, Format Version 12.00
# Visual Studio Version 17
VisualStudioVersion = 17.5.002.0
MinimumVisualStudioVersion = 10.0.40219.1
Project("{9A19103F-16F7-4668-BE54-9A1E7A4F7556}") = "Api", "Api\Api.csproj", "{DCA5E16C-3058-424D-9272-F072994339B6}"
EndProject
Global
	GlobalSection(SolutionConfigurationPlatforms) = preSolution
		Debug|Any CPU = Debug|Any CPU
		Release|Any CPU = Release|Any CPU
	EndGlobalSection
	GlobalSection(ProjectConfigurationPlatforms) = postSolution
		{DCA5E16C-3058-424D-9272-F072994339B6}.Debug|Any CPU.ActiveCfg = Debug|Any CPU
		{DCA5E16C-3058-424D-9272-F072994339B6}.Debug|Any CPU.Build.0 = Debug|Any CPU
		{DCA5E16C-3058-424D-9272-F072994339B6}.Release|Any CPU.ActiveCfg = Release|Any CPU
		{DCA5E16C-3058-424D-9272-F072994339B6}.Release|Any CPU.Build.0 = Release|Any CPU
	EndGlobalSection
	GlobalSection(SolutionProperties) = preSolution
		HideSolutionNode = FALSE
	EndGlobalSection
	GlobalSection(ExtensibilityGlobals) = postSolution
		SolutionGuid = {82376944-38B4-4C58-B126-59E1BDF9926B}
	EndGlobalSection
EndGlobal
